
Microsoft Visual Studio Solution File, Format Version 12.00
# Visual Studio Version 16
VisualStudioVersion = 16.0.31729.503
MinimumVisualStudioVersion = 10.0.40219.1
Project("{FAE04EC0-301F-11D3-BF4B-00C04F79EFBC}") = "RecapitulareExamen3", "RecapitulareExamen3.csproj", "{F85BCB67-E064-4694-86DC-513EFFB62F48}"
EndProject
Global
	GlobalSection(SolutionConfigurationPlatforms) = preSolution
		Debug|Any CPU = Debug|Any CPU
		Release|Any CPU = Release|Any CPU
	EndGlobalSection
	GlobalSection(ProjectConfigurationPlatforms) = postSolution
		{F85BCB67-E064-4694-86DC-513EFFB62F48}.Debug|Any CPU.ActiveCfg = Debug|Any CPU
		{F85BCB67-E064-4694-86DC-513EFFB62F48}.Debug|Any CPU.Build.0 = Debug|Any CPU
		{F85BCB67-E064-4694-86DC-513EFFB62F48}.Release|Any CPU.ActiveCfg = Release|Any CPU
		{F85BCB67-E064-4694-86DC-513EFFB62F48}.Release|Any CPU.Build.0 = Release|Any CPU
	EndGlobalSection
	GlobalSection(SolutionProperties) = preSolution
		HideSolutionNode = FALSE
	EndGlobalSection
	GlobalSection(ExtensibilityGlobals) = postSolution
		SolutionGuid = {DC7AE8B1-6EA8-4791-9664-1B8649401945}
	EndGlobalSection
EndGlobal
